apiVersion: kbld.k14s.io/v1alpha1
kind: Config
minimumRequiredVersion: 0.30.0
overrides:
- image: monero-exporter
  newImage: index.docker.io/utxobr/monero-exporter@sha256:737413b1054583535e835e1417b61a8d59a4c08723e4a15c61c4249c2a7d69a4
  preresolved: true
- image: monero-exporter-grafana
  newImage: index.docker.io/utxobr/monero-exporter-grafana@sha256:eb06f3451432e26ce17e78283ced2814952fdf715cae9916bc9584f283a92078
  preresolved: true
- image: monero-exporter-monerod
  newImage: index.docker.io/utxobr/monero-exporter-monerod@sha256:f5b6d355ab09b5372434dfacef21421407166c0b4e5c742ae8e57bfd194c53c0
  preresolved: true
- image: monero-exporter-prometheus
  newImage: index.docker.io/utxobr/monero-exporter-prometheus@sha256:ff7bad10b24e26dec5d51211071dd05efbd2bd92bcd10dbb1882ded3ce36af73
  preresolved: true
