apiVersion: kbld.k14s.io/v1alpha1
kind: Config
minimumRequiredVersion: 0.30.0
overrides:
- image: monero-exporter
  newImage: index.docker.io/utxobr/monero-exporter@sha256:c5c019718c37c40cf4335405d47e7fe46b892e55ff74a712bd49e084c8bb02b1
  preresolved: true
- image: monero-exporter-grafana
  newImage: index.docker.io/utxobr/monero-exporter-grafana@sha256:f9c47963d3fb573166881baf1a9f2ad331500e34b4604d430f96957ab7bb1449
  preresolved: true
- image: monero-exporter-monerod
  newImage: index.docker.io/utxobr/monero-exporter-monerod@sha256:2cea588aaf937025daddc1dabaa3e90d74fd07f3a2a1b84adc79d7f0f3fc9057
  preresolved: true
- image: monero-exporter-prometheus
  newImage: index.docker.io/utxobr/monero-exporter-prometheus@sha256:f0a94da3052b0546a5a332401244d7cf63f80c74937511ac45f330c39503edac
  preresolved: true
